
Microsoft Visual Studio Solution File, Format Version 12.00
# Visual Studio 15
VisualStudioVersion = 15.0.27004.2005
MinimumVisualStudioVersion = 10.0.40219.1
Project("{2150E333-8FDC-42A3-9474-1A3956D46DE8}") = "Basics", "Basics", "{ECBBEAE2-F8EB-4387-8B66-ACC08F00A502}"
	ProjectSection(SolutionItems) = preProject
		Revising_the_Select_Query_I.sql = Revising_the_Select_Query_I.sql
		Weather_Obervation_Warning.sql = Weather_Obervation_Warning.sql
	EndProjectSection
EndProject
Global
	GlobalSection(SolutionProperties) = preSolution
		HideSolutionNode = FALSE
	EndGlobalSection
	GlobalSection(ExtensibilityGlobals) = postSolution
		SolutionGuid = {AC22BD96-2B26-4E02-BF2E-F23890A9AB85}
	EndGlobalSection
EndGlobal
